{
  "originHash" : "05061584b47596e207d8b309781cf91a9cfdc00a0a2a326e79c931eb6295edd2",
  "pins" : [
    {
      "identity" : "swift-syntax",
      "kind" : "remoteSourceControl",
      "location" : "https://github.com/apple/swift-syntax.git",
      "state" : {
        "revision" : "64889f0c732f210a935a0ad7cda38f77f876262d",
        "version" : "509.1.1"
      }
    },
    {
      "identity" : "swift-testing",
      "kind" : "remoteSourceControl",
      "location" : "https://github.com/apple/swift-testing",
      "state" : {
        "branch" : "main",
        "revision" : "9de726b57e25482eedb445a13189fbade0e64a89"
      }
    }
  ],
  "version" : 3
}
