{
  "pins" : [
    {
      "identity" : "swift-collections",
      "kind" : "remoteSourceControl",
      "location" : "https://github.com/apple/swift-collections",
      "state" : {
        "revision" : "d8003787efafa82f9805594bc51100be29ac6903"
      }
    },
    {
      "identity" : "swift-foundation",
      "kind" : "remoteSourceControl",
      "location" : "https://github.com/apple/swift-foundation",
      "state" : {
        "branch" : "main",
        "revision" : "ad0ed2c3d02943dda94c0d25261553e1cf14ccad"
      }
    },
    {
      "identity" : "swift-foundation-icu",
      "kind" : "remoteSourceControl",
      "location" : "https://github.com/apple/swift-foundation-icu",
      "state" : {
        "revision" : "0c1de7149a39a9ff82d4db66234dec587b30a3ad"
      }
    },
    {
      "identity" : "swift-syntax",
      "kind" : "remoteSourceControl",
      "location" : "https://github.com/apple/swift-syntax",
      "state" : {
        "revision" : "74203046135342e4a4a627476dd6caf8b28fe11b",
        "version" : "509.0.0"
      }
    },
    {
      "identity" : "swift-testing",
      "kind" : "remoteSourceControl",
      "location" : "https://github.com/apple/swift-testing",
      "state" : {
        "branch" : "main",
        "revision" : "2cc498b035197efa4ac7e80254684be3b0d284e6"
      }
    }
  ],
  "version" : 2
}
