{
  "originHash" : "a472e4190f572f7bc3985f231be55cdec643a9e721b4d1d6113d99e6197289d4",
  "pins" : [
    {
      "identity" : "swift-collections",
      "kind" : "remoteSourceControl",
      "location" : "https://github.com/apple/swift-collections",
      "state" : {
        "revision" : "94cf62b3ba8d4bed62680a282d4c25f9c63c2efb",
        "version" : "1.1.0"
      }
    },
    {
      "identity" : "swift-syntax",
      "kind" : "remoteSourceControl",
      "location" : "https://github.com/apple/swift-syntax",
      "state" : {
        "revision" : "3301d3362555b679097e82f93be0b524c5083e65",
        "version" : "600.0.0-prerelease-2024-05-02"
      }
    },
    {
      "identity" : "swift-testing",
      "kind" : "remoteSourceControl",
      "location" : "https://github.com/apple/swift-testing",
      "state" : {
        "revision" : "462243a4ce3c682960bef581a84ae63d1b48f5b6",
        "version" : "0.8.0"
      }
    }
  ],
  "version" : 3
}
