{
  "originHash" : "cbc3daee7c0cb109f8a884dc2c0da9f8cdae84f622c5fd785f08af1f194ee6db",
  "pins" : [
    {
      "identity" : "hdrhistogram-swift",
      "kind" : "remoteSourceControl",
      "location" : "https://github.com/HdrHistogram/hdrhistogram-swift",
      "state" : {
        "revision" : "a69fa24d7b70421870cafa86340ece900489e17e",
        "version" : "0.1.2"
      }
    },
    {
      "identity" : "package-benchmark",
      "kind" : "remoteSourceControl",
      "location" : "https://github.com/ordo-one/package-benchmark",
      "state" : {
        "revision" : "54b4695b671812bb9f249465d992cdb19dc4bafe",
        "version" : "1.23.0"
      }
    },
    {
      "identity" : "swift-argument-parser",
      "kind" : "remoteSourceControl",
      "location" : "https://github.com/apple/swift-argument-parser.git",
      "state" : {
        "revision" : "c8ed701b513cf5177118a175d85fbbbcd707ab41",
        "version" : "1.3.0"
      }
    },
    {
      "identity" : "swift-atomics",
      "kind" : "remoteSourceControl",
      "location" : "https://github.com/apple/swift-atomics",
      "state" : {
        "revision" : "cd142fd2f64be2100422d658e7411e39489da985",
        "version" : "1.2.0"
      }
    },
    {
      "identity" : "swift-collections",
      "kind" : "remoteSourceControl",
      "location" : "https://github.com/apple/swift-collections",
      "state" : {
        "revision" : "94cf62b3ba8d4bed62680a282d4c25f9c63c2efb",
        "version" : "1.1.0"
      }
    },
    {
      "identity" : "swift-numerics",
      "kind" : "remoteSourceControl",
      "location" : "https://github.com/apple/swift-numerics",
      "state" : {
        "revision" : "0a5bc04095a675662cf24757cc0640aa2204253b",
        "version" : "1.0.2"
      }
    },
    {
      "identity" : "swift-syntax",
      "kind" : "remoteSourceControl",
      "location" : "https://github.com/apple/swift-syntax",
      "state" : {
        "revision" : "fa8f95c2d536d6620cc2f504ebe8a6167c9fc2dd",
        "version" : "510.0.1"
      }
    },
    {
      "identity" : "swift-system",
      "kind" : "remoteSourceControl",
      "location" : "https://github.com/apple/swift-system",
      "state" : {
        "revision" : "025bcb1165deab2e20d4eaba79967ce73013f496",
        "version" : "1.2.1"
      }
    },
    {
      "identity" : "texttable",
      "kind" : "remoteSourceControl",
      "location" : "https://github.com/ordo-one/TextTable",
      "state" : {
        "revision" : "a27a07300cf4ae322e0079ca0a475c5583dd575f",
        "version" : "0.0.2"
      }
    }
  ],
  "version" : 3
}
